github.com/bis83/basilico v0.0.0-20260820165238-acbd27ae5156 h1:2FuL0tnOWanEY8lOVlKFuKwX+kFc9xAuqehz6TY/3OE=
github.com/bis83/basilico v0.0.0-20260820165238-acbd27ae5156/go.mod h1:84zMvTrrdWSfu0z6T8PmG2BNb91yI1tEUh6v2YZTz+U=
github.com/evanw/esbuild v0.23.0 h1:PLUwTn2pzQfIBRrMKcD3M0g1ALOKIHMDefdFCk7avwM=
github.com/evanw/esbuild v0.23.0/go.mod h1:D2vIQZqV/vIf/VRHtViaUtViZmG7o+kKmlBfVQuRi48=
github.com/go-test/deep v1.0.1 h1:UQhStjbkDClarlmv0am7OXXO4/GaPdCGiUiMTvi28sg=
github.com/go-test/deep v1.0.1/go.mod h1:wGDj63lr65AM2AQyKZd/NYHGb0R+1RLqB8NKt3aSFNA=
github.com/qmuntal/gltf v0.26.0 h1:geVxZPBJ43f0ouLyseqMuzgKG6m6DkNH+gI3A63PFas=
github.com/qmuntal/gltf v0.26.0/go.mod h1:YoXZOt0Nc0kIfSKOLZIRoV4FycdC+GzE+3JgiAGYoMs=
github.com/x448/float16 v0.8.4 h1:qLwI1I70+NjRFUR3zs1JPUCgaCXSh3SW62uAKT1mSBM=
github.com/x448/float16 v0.8.4/go.mod h1:14CWIYCyZA/cWjXOioeEpHeN/83MdbZDRQHoFcYsOfg=
golang.org/x/sys v0.0.0-20220715151400-c0bba94af5f8 h1:0A+M6Uqn+Eje4kHMK80dtF3JCXC4ykBgQG4Fe06QRhQ=
golang.org/x/sys v0.0.0-20220715151400-c0bba94af5f8/go.mod h1:oPkhp1MJrh7nUepCBck5+mAzfO9JrbApNNgaTdGDITg=
